
Microsoft Visual Studio Solution File, Format Version 12.00
# Visual Studio Version 16
VisualStudioVersion = 16.0.29215.179
MinimumVisualStudioVersion = 10.0.40219.1
Project("{8BC9CEB8-8B4A-11D0-8D11-00A0C91BC942}") = "E9S4", "E9S4\E9S4.vcxproj", "{7E39D0BD-80AA-4F38-912B-D1BB6DB1B05A}"
EndProject
Global
	GlobalSection(SolutionConfigurationPlatforms) = preSolution
		Debug|x64 = Debug|x64
		Debug|x86 = Debug|x86
		Release|x64 = Release|x64
		Release|x86 = Release|x86
	EndGlobalSection
	GlobalSection(ProjectConfigurationPlatforms) = postSolution
		{7E39D0BD-80AA-4F38-912B-D1BB6DB1B05A}.Debug|x64.ActiveCfg = Debug|x64
		{7E39D0BD-80AA-4F38-912B-D1BB6DB1B05A}.Debug|x64.Build.0 = Debug|x64
		{7E39D0BD-80AA-4F38-912B-D1BB6DB1B05A}.Debug|x86.ActiveCfg = Debug|Win32
		{7E39D0BD-80AA-4F38-912B-D1BB6DB1B05A}.Debug|x86.Build.0 = Debug|Win32
		{7E39D0BD-80AA-4F38-912B-D1BB6DB1B05A}.Release|x64.ActiveCfg = Release|x64
		{7E39D0BD-80AA-4F38-912B-D1BB6DB1B05A}.Release|x64.Build.0 = Release|x64
		{7E39D0BD-80AA-4F38-912B-D1BB6DB1B05A}.Release|x86.ActiveCfg = Release|Win32
		{7E39D0BD-80AA-4F38-912B-D1BB6DB1B05A}.Release|x86.Build.0 = Release|Win32
	EndGlobalSection
	GlobalSection(SolutionProperties) = preSolution
		HideSolutionNode = FALSE
	EndGlobalSection
	GlobalSection(ExtensibilityGlobals) = postSolution
		SolutionGuid = {5EAF4445-063B-4452-9867-DAF75A516C7A}
	EndGlobalSection
EndGlobal
