
Microsoft Visual Studio Solution File, Format Version 12.00
# Visual Studio Version 16
VisualStudioVersion = 16.0.29215.179
MinimumVisualStudioVersion = 10.0.40219.1
Project("{8BC9CEB8-8B4A-11D0-8D11-00A0C91BC942}") = "Cuestionario", "Cuestionario\Cuestionario.vcxproj", "{91EB90A7-E295-4956-B540-86AD0BFB404D}"
EndProject
Global
	GlobalSection(SolutionConfigurationPlatforms) = preSolution
		Debug|x64 = Debug|x64
		Debug|x86 = Debug|x86
		Release|x64 = Release|x64
		Release|x86 = Release|x86
	EndGlobalSection
	GlobalSection(ProjectConfigurationPlatforms) = postSolution
		{91EB90A7-E295-4956-B540-86AD0BFB404D}.Debug|x64.ActiveCfg = Debug|x64
		{91EB90A7-E295-4956-B540-86AD0BFB404D}.Debug|x64.Build.0 = Debug|x64
		{91EB90A7-E295-4956-B540-86AD0BFB404D}.Debug|x86.ActiveCfg = Debug|Win32
		{91EB90A7-E295-4956-B540-86AD0BFB404D}.Debug|x86.Build.0 = Debug|Win32
		{91EB90A7-E295-4956-B540-86AD0BFB404D}.Release|x64.ActiveCfg = Release|x64
		{91EB90A7-E295-4956-B540-86AD0BFB404D}.Release|x64.Build.0 = Release|x64
		{91EB90A7-E295-4956-B540-86AD0BFB404D}.Release|x86.ActiveCfg = Release|Win32
		{91EB90A7-E295-4956-B540-86AD0BFB404D}.Release|x86.Build.0 = Release|Win32
	EndGlobalSection
	GlobalSection(SolutionProperties) = preSolution
		HideSolutionNode = FALSE
	EndGlobalSection
	GlobalSection(ExtensibilityGlobals) = postSolution
		SolutionGuid = {C2A6EBF8-D3C8-4C6A-83C7-A24EDC3B7F55}
	EndGlobalSection
EndGlobal
